
Microsoft Visual Studio Solution File, Format Version 12.00
# Visual Studio Version 17
VisualStudioVersion = 17.1.32228.430
MinimumVisualStudioVersion = 10.0.40219.1
Project("{2150E333-8FDC-42A3-9474-1A3956D46DE8}") = "Internal", "Internal", "{8BC57EEF-82F2-4DE3-8A90-FA7E6CDCB5B0}"
EndProject
Project("{2150E333-8FDC-42A3-9474-1A3956D46DE8}") = "Scripts", "Scripts", "{E3F363FF-7C52-49E0-9DBB-618B1753D240}"
EndProject
Project("{2150E333-8FDC-42A3-9474-1A3956D46DE8}") = "Dlls", "Dlls", "{7A06D47E-D538-4835-9D6E-63A3D0EDE916}"
	ProjectSection(SolutionItems) = preProject
		Dlls\readme.txt = Dlls\readme.txt
	EndProjectSection
EndProject
Project("{2150E333-8FDC-42A3-9474-1A3956D46DE8}") = "Documentation", "Documentation", "{95FA4990-062A-4E23-946B-FCCF42A85650}"
	ProjectSection(SolutionItems) = preProject
		Documentation\readme.txt = Documentation\readme.txt
	EndProjectSection
EndProject
Project("{2150E333-8FDC-42A3-9474-1A3956D46DE8}") = "Code Analysis", "Code Analysis", "{C8A5B93E-A885-4DA3-AA97-C9166C8E6046}"
	ProjectSection(SolutionItems) = preProject
		Internal\Code Analysis\qaction-debug.ruleset = Internal\Code Analysis\qaction-debug.ruleset
		Internal\Code Analysis\qaction-release.ruleset = Internal\Code Analysis\qaction-release.ruleset
	EndProjectSection
EndProject
Project("{2150E333-8FDC-42A3-9474-1A3956D46DE8}") = "SLC-AS-ScriptPerformanceAnalyzer", "SLC-AS-ScriptPerformanceAnalyzer", "{0301A5CE-2559-4EB1-AEC3-F9F448E1207D}"
	ProjectSection(SolutionItems) = preProject
		SLC-AS-ScriptPerformanceAnalyzer.xml = SLC-AS-ScriptPerformanceAnalyzer.xml
	EndProjectSection
EndProject
Project("{2150E333-8FDC-42A3-9474-1A3956D46DE8}") = "Actions", "Actions", "{B4464F18-DF63-4865-BD7B-B4901EE51E2C}"
EndProject
Project("{FAE04EC0-301F-11D3-BF4B-00C04F79EFBC}") = "SLC-AS-ScriptPerformanceAnalyzer_1", "SLC-AS-ScriptPerformanceAnalyzer_1\SLC-AS-ScriptPerformanceAnalyzer_1.csproj", "{D097EB64-502D-4B44-9876-482AD344F256}"
EndProject
Project("{2150E333-8FDC-42A3-9474-1A3956D46DE8}") = "Publish Daily Script Performance Results", "Publish Daily Script Performance Results", "{4846392A-C81F-42DE-A490-5D3159C83FED}"
	ProjectSection(SolutionItems) = preProject
		Publish Daily Script Performance Results.xml = Publish Daily Script Performance Results.xml
	EndProjectSection
EndProject
Project("{2150E333-8FDC-42A3-9474-1A3956D46DE8}") = "Actions", "Actions", "{D1C0FDA2-106E-4ECF-9788-394901FBD8DB}"
EndProject
Project("{FAE04EC0-301F-11D3-BF4B-00C04F79EFBC}") = "Publish Daily Script Performance Results_1", "Publish Daily Script Performance Results_1\Publish Daily Script Performance Results_1.csproj", "{9572F56E-6D8E-48D2-B0D6-A28F006C5114}"
EndProject
Project("{2150E333-8FDC-42A3-9474-1A3956D46DE8}") = "Archive Script Performance Results", "Archive Script Performance Results", "{1DA56173-4192-4A4E-9358-AE01FC614D55}"
	ProjectSection(SolutionItems) = preProject
		Archive Script Performance Results.xml = Archive Script Performance Results.xml
	EndProjectSection
EndProject
Project("{2150E333-8FDC-42A3-9474-1A3956D46DE8}") = "Actions", "Actions", "{D82E93C7-E82B-494E-84EF-0F44EB4866D5}"
EndProject
Project("{FAE04EC0-301F-11D3-BF4B-00C04F79EFBC}") = "Archive Script Performance Results_1", "Archive Script Performance Results_1\Archive Script Performance Results_1.csproj", "{8381CD9A-DB77-4D04-B770-F3D00D2A9A4D}"
EndProject
Project("{2150E333-8FDC-42A3-9474-1A3956D46DE8}") = "GQI_MultiScriptPerformanceAnalyzer", "GQI_MultiScriptPerformanceAnalyzer", "{66C1AB92-70CB-4DE9-BFFC-6D4A14B13A28}"
	ProjectSection(SolutionItems) = preProject
		GQI_MultiScriptPerformanceAnalyzer.xml = GQI_MultiScriptPerformanceAnalyzer.xml
	EndProjectSection
EndProject
Project("{2150E333-8FDC-42A3-9474-1A3956D46DE8}") = "Actions", "Actions", "{07B3BF93-9749-406A-AE52-FC8F31F6CF15}"
EndProject
Project("{FAE04EC0-301F-11D3-BF4B-00C04F79EFBC}") = "GQI_MultiScriptPerformanceAnalyzer_2", "GQI_MultiScriptPerformanceAnalyzer_2\GQI_MultiScriptPerformanceAnalyzer_2.csproj", "{C64F5DB7-2910-447D-BE84-BAC1135D1708}"
EndProject
Global
	GlobalSection(SolutionConfigurationPlatforms) = preSolution
		Debug|Any CPU = Debug|Any CPU
		Release|Any CPU = Release|Any CPU
	EndGlobalSection
	GlobalSection(ProjectConfigurationPlatforms) = postSolution
		{D097EB64-502D-4B44-9876-482AD344F256}.Debug|Any CPU.ActiveCfg = Debug|Any CPU
		{D097EB64-502D-4B44-9876-482AD344F256}.Debug|Any CPU.Build.0 = Debug|Any CPU
		{D097EB64-502D-4B44-9876-482AD344F256}.Release|Any CPU.ActiveCfg = Release|Any CPU
		{D097EB64-502D-4B44-9876-482AD344F256}.Release|Any CPU.Build.0 = Release|Any CPU
		{9572F56E-6D8E-48D2-B0D6-A28F006C5114}.Debug|Any CPU.ActiveCfg = Debug|Any CPU
		{9572F56E-6D8E-48D2-B0D6-A28F006C5114}.Debug|Any CPU.Build.0 = Debug|Any CPU
		{9572F56E-6D8E-48D2-B0D6-A28F006C5114}.Release|Any CPU.ActiveCfg = Release|Any CPU
		{9572F56E-6D8E-48D2-B0D6-A28F006C5114}.Release|Any CPU.Build.0 = Release|Any CPU
		{8381CD9A-DB77-4D04-B770-F3D00D2A9A4D}.Debug|Any CPU.ActiveCfg = Debug|Any CPU
		{8381CD9A-DB77-4D04-B770-F3D00D2A9A4D}.Debug|Any CPU.Build.0 = Debug|Any CPU
		{8381CD9A-DB77-4D04-B770-F3D00D2A9A4D}.Release|Any CPU.ActiveCfg = Release|Any CPU
		{8381CD9A-DB77-4D04-B770-F3D00D2A9A4D}.Release|Any CPU.Build.0 = Release|Any CPU
		{C64F5DB7-2910-447D-BE84-BAC1135D1708}.Debug|Any CPU.ActiveCfg = Debug|Any CPU
		{C64F5DB7-2910-447D-BE84-BAC1135D1708}.Debug|Any CPU.Build.0 = Debug|Any CPU
		{C64F5DB7-2910-447D-BE84-BAC1135D1708}.Release|Any CPU.ActiveCfg = Release|Any CPU
		{C64F5DB7-2910-447D-BE84-BAC1135D1708}.Release|Any CPU.Build.0 = Release|Any CPU
	EndGlobalSection
	GlobalSection(SolutionProperties) = preSolution
		HideSolutionNode = FALSE
	EndGlobalSection
	GlobalSection(NestedProjects) = preSolution
		{C8A5B93E-A885-4DA3-AA97-C9166C8E6046} = {8BC57EEF-82F2-4DE3-8A90-FA7E6CDCB5B0}
		{0301A5CE-2559-4EB1-AEC3-F9F448E1207D} = {E3F363FF-7C52-49E0-9DBB-618B1753D240}
		{B4464F18-DF63-4865-BD7B-B4901EE51E2C} = {0301A5CE-2559-4EB1-AEC3-F9F448E1207D}
		{D097EB64-502D-4B44-9876-482AD344F256} = {B4464F18-DF63-4865-BD7B-B4901EE51E2C}
		{4846392A-C81F-42DE-A490-5D3159C83FED} = {E3F363FF-7C52-49E0-9DBB-618B1753D240}
		{D1C0FDA2-106E-4ECF-9788-394901FBD8DB} = {4846392A-C81F-42DE-A490-5D3159C83FED}
		{9572F56E-6D8E-48D2-B0D6-A28F006C5114} = {D1C0FDA2-106E-4ECF-9788-394901FBD8DB}
		{1DA56173-4192-4A4E-9358-AE01FC614D55} = {E3F363FF-7C52-49E0-9DBB-618B1753D240}
		{D82E93C7-E82B-494E-84EF-0F44EB4866D5} = {1DA56173-4192-4A4E-9358-AE01FC614D55}
		{8381CD9A-DB77-4D04-B770-F3D00D2A9A4D} = {D82E93C7-E82B-494E-84EF-0F44EB4866D5}
		{66C1AB92-70CB-4DE9-BFFC-6D4A14B13A28} = {E3F363FF-7C52-49E0-9DBB-618B1753D240}
		{07B3BF93-9749-406A-AE52-FC8F31F6CF15} = {66C1AB92-70CB-4DE9-BFFC-6D4A14B13A28}
		{C64F5DB7-2910-447D-BE84-BAC1135D1708} = {07B3BF93-9749-406A-AE52-FC8F31F6CF15}
	EndGlobalSection
	GlobalSection(ExtensibilityGlobals) = postSolution
		SolutionGuid = {9481486A-C135-4019-BDE5-90E899B9A6FF}
	EndGlobalSection
EndGlobal
